# This file is generated by running "yarn install" inside your project.
# Manual changes might be lost - proceed with caution!

__metadata:
  version: 5
  cacheKey: 8

"murmurhash@npm:^0.0.2":
  version: 0.0.2
  resolution: "murmurhash@npm:0.0.2"
  checksum: e06d1e7cfdc39d742584d96af30e9b26bd44c995b9ced192b62c36b52898347ac28d32a9a94f5e0b286339d45657490ae32ed42ead75ef2a15aef9cfe386e5fa
  languageName: node
  linkType: hard

"superstruct@npm:^0.10.12":
  version: 0.10.13
  resolution: "superstruct@npm:0.10.13"
  checksum: 449305f892a63e69abac2dddf07199774e249482a73b295745cebcb75b7e35572ca3404598828c03763c08dbd79d3d15a33ae3a600e9c9e148a6fe33521ce88f
  languageName: node
  linkType: hard

"uuid@npm:^3.3.2":
  version: 3.4.0
  resolution: "uuid@npm:3.4.0"
  bin:
    uuid: ./bin/uuid
  checksum: 58de2feed61c59060b40f8203c0e4ed7fd6f99d42534a499f1741218a1dd0c129f4aa1de797bcf822c8ea5da7e4137aa3673431a96dae729047f7aca7b27866f
  languageName: node
  linkType: hard

"vwo-node-sdk@npm:^1.32.1":
  version: 1.32.1
  resolution: "vwo-node-sdk@npm:1.32.1"
  dependencies:
    murmurhash: ^0.0.2
    superstruct: ^0.10.12
    uuid: ^3.3.2
    vwo-sdk-log-messages: "git+https://github.com/wingify/vwo-sdk-log-messages.git#v0.1.0"
  checksum: 9f68e334df2279c7899e5d570ecb2fe5f4be54eb2e2af98bf9cb524a2340ba7a4bab19c779c429713c01e3c9d12794cac8e03e9df41a589231d714e5416f1ac8
  languageName: node
  linkType: hard

"vwo-sdk-log-messages@git+https://github.com/wingify/vwo-sdk-log-messages.git#v0.1.0":
  version: 0.1.0
  resolution: "vwo-sdk-log-messages@https://github.com/wingify/vwo-sdk-log-messages.git#commit=8fe8a1eb08093d672a8ceffb245c640be0d5db9f"
  checksum: 8bdcb155b801a642311f9182c13edd338142e65fcc29e1336aca7f5fc59d3c22a4cd262cce081f6190dfed6e8db31a0455502459140feb849c5391de2f005786
  languageName: node
  linkType: hard

"vwo-test@workspace:.":
  version: 0.0.0-use.local
  resolution: "vwo-test@workspace:."
  dependencies:
    vwo-node-sdk: ^1.32.1
  languageName: unknown
  linkType: soft
