# This file is generated by running "yarn install" inside your project.
# Manual changes might be lost - proceed with caution!

__metadata:
  version: 4
  cacheKey: 7

"murmurhash@npm:^0.0.2":
  version: 0.0.2
  resolution: "murmurhash@npm:0.0.2"
  checksum: a1750669aeca882d620954b31f71fc4711e8b02c22557e8023fbe4a720727bf1111148ad2a58b3e6812605cdaf301cfbc60fd2602e72f73cee6af27ee5073132
  languageName: node
  linkType: hard

"superstruct@npm:^0.10.12":
  version: 0.10.13
  resolution: "superstruct@npm:0.10.13"
  checksum: b3de33012688aa43150c9ca9ba525232b498b040f21825f879e961a7b00caad6e2a81a36e39ec29a22a0506cbebffe311beb8c8c28c4758760a666e95b854908
  languageName: node
  linkType: hard

"uuid@npm:^3.3.2":
  version: 3.4.0
  resolution: "uuid@npm:3.4.0"
  bin:
    uuid: ./bin/uuid
  checksum: 1ce3f37e214d6d0dc94a6a9663a0365013ace66bc3fd5b203e6f5d2eeb978aaee1192367222386345d30b4c6a447928c501121aa84c637724bf105ef57284949
  languageName: node
  linkType: hard

"vwo-node-sdk@npm:^1.32.1":
  version: 1.32.1
  resolution: "vwo-node-sdk@npm:1.32.1"
  dependencies:
    murmurhash: ^0.0.2
    superstruct: ^0.10.12
    uuid: ^3.3.2
    vwo-sdk-log-messages: "git+https://github.com/wingify/vwo-sdk-log-messages.git#v0.1.0"
  checksum: 93f22f6a3d1eb199421e64e12839b87582b7f30ab66dac24baf1a41bfbc48229d8c61351bd106468dc8e04d9c0eaf10375691411e7d685644a7b93a2415c6e84
  languageName: node
  linkType: hard

"vwo-sdk-log-messages@git+https://github.com/wingify/vwo-sdk-log-messages.git#v0.1.0":
  version: 0.1.0
  resolution: "vwo-sdk-log-messages@https://github.com/wingify/vwo-sdk-log-messages.git#commit=8fe8a1eb08093d672a8ceffb245c640be0d5db9f"
  checksum: 43464eeab6fe8b2d303017ac97a8e7118b7bd94cccf3060d3c080fe07135396f4f6ae6d0eb995cb2fc7f849783d24c9c6524686e167919116943a60213677c00
  languageName: node
  linkType: hard

"vwo-test@workspace:.":
  version: 0.0.0-use.local
  resolution: "vwo-test@workspace:."
  dependencies:
    vwo-node-sdk: ^1.32.1
  languageName: unknown
  linkType: soft
